
Microsoft Visual Studio Solution File, Format Version 12.00
# Visual Studio 15
VisualStudioVersion = 15.0.27130.2010
MinimumVisualStudioVersion = 10.0.40219.1
Project("{FAE04EC0-301F-11D3-BF4B-00C04F79EFBC}") = "WepAppTest", "WepAppTest\WepAppTest.csproj", "{49E0C58E-A04C-4FE4-AF67-89C6D39EAE87}"
EndProject
Project("{FAE04EC0-301F-11D3-BF4B-00C04F79EFBC}") = "WebApiTest", "WebApiTest\WebApiTest.csproj", "{88022250-8CED-4D65-AAC1-C874861035A3}"
EndProject
Global
	GlobalSection(SolutionConfigurationPlatforms) = preSolution
		Debug|Any CPU = Debug|Any CPU
		Release|Any CPU = Release|Any CPU
	EndGlobalSection
	GlobalSection(ProjectConfigurationPlatforms) = postSolution
		{49E0C58E-A04C-4FE4-AF67-89C6D39EAE87}.Debug|Any CPU.ActiveCfg = Debug|Any CPU
		{49E0C58E-A04C-4FE4-AF67-89C6D39EAE87}.Debug|Any CPU.Build.0 = Debug|Any CPU
		{49E0C58E-A04C-4FE4-AF67-89C6D39EAE87}.Release|Any CPU.ActiveCfg = Release|Any CPU
		{49E0C58E-A04C-4FE4-AF67-89C6D39EAE87}.Release|Any CPU.Build.0 = Release|Any CPU
		{88022250-8CED-4D65-AAC1-C874861035A3}.Debug|Any CPU.ActiveCfg = Debug|Any CPU
		{88022250-8CED-4D65-AAC1-C874861035A3}.Debug|Any CPU.Build.0 = Debug|Any CPU
		{88022250-8CED-4D65-AAC1-C874861035A3}.Release|Any CPU.ActiveCfg = Release|Any CPU
		{88022250-8CED-4D65-AAC1-C874861035A3}.Release|Any CPU.Build.0 = Release|Any CPU
	EndGlobalSection
	GlobalSection(SolutionProperties) = preSolution
		HideSolutionNode = FALSE
	EndGlobalSection
	GlobalSection(ExtensibilityGlobals) = postSolution
		SolutionGuid = {E4F8A015-399F-40E8-8F59-5268DCBE8CC3}
	EndGlobalSection
EndGlobal
